
Microsoft Visual Studio Solution File, Format Version 12.00
# Visual Studio 15
VisualStudioVersion = 15.0.27703.2042
MinimumVisualStudioVersion = 10.0.40219.1
Project("{FAE04EC0-301F-11D3-BF4B-00C04F79EFBC}") = "Anipad", "Anipad\Anipad.csproj", "{9E2CEBB6-5086-4ADC-BB72-A13EE00EE03F}"
EndProject
Global
	GlobalSection(SolutionConfigurationPlatforms) = preSolution
		Debug|Any CPU = Debug|Any CPU
		Release|Any CPU = Release|Any CPU
	EndGlobalSection
	GlobalSection(ProjectConfigurationPlatforms) = postSolution
		{9E2CEBB6-5086-4ADC-BB72-A13EE00EE03F}.Debug|Any CPU.ActiveCfg = Debug|Any CPU
		{9E2CEBB6-5086-4ADC-BB72-A13EE00EE03F}.Debug|Any CPU.Build.0 = Debug|Any CPU
		{9E2CEBB6-5086-4ADC-BB72-A13EE00EE03F}.Release|Any CPU.ActiveCfg = Release|Any CPU
		{9E2CEBB6-5086-4ADC-BB72-A13EE00EE03F}.Release|Any CPU.Build.0 = Release|Any CPU
	EndGlobalSection
	GlobalSection(SolutionProperties) = preSolution
		HideSolutionNode = FALSE
	EndGlobalSection
	GlobalSection(ExtensibilityGlobals) = postSolution
		SolutionGuid = {7DDF08B2-931C-4DFE-B7B1-C3E644E02594}
	EndGlobalSection
EndGlobal
